
Microsoft Visual Studio Solution File, Format Version 12.00
# Visual Studio 15
VisualStudioVersion = 15.0.27130.2036
MinimumVisualStudioVersion = 10.0.40219.1
Project("{FAE04EC0-301F-11D3-BF4B-00C04F79EFBC}") = "WordGuessGame", "WordGuessGame\WordGuessGame.csproj", "{3AD3F199-42AB-462E-BB90-A5669C2D23A3}"
EndProject
Global
	GlobalSection(SolutionConfigurationPlatforms) = preSolution
		Debug|Any CPU = Debug|Any CPU
		Release|Any CPU = Release|Any CPU
	EndGlobalSection
	GlobalSection(ProjectConfigurationPlatforms) = postSolution
		{3AD3F199-42AB-462E-BB90-A5669C2D23A3}.Debug|Any CPU.ActiveCfg = Debug|Any CPU
		{3AD3F199-42AB-462E-BB90-A5669C2D23A3}.Debug|Any CPU.Build.0 = Debug|Any CPU
		{3AD3F199-42AB-462E-BB90-A5669C2D23A3}.Release|Any CPU.ActiveCfg = Release|Any CPU
		{3AD3F199-42AB-462E-BB90-A5669C2D23A3}.Release|Any CPU.Build.0 = Release|Any CPU
	EndGlobalSection
	GlobalSection(SolutionProperties) = preSolution
		HideSolutionNode = FALSE
	EndGlobalSection
	GlobalSection(ExtensibilityGlobals) = postSolution
		SolutionGuid = {4ADB22B1-4E82-4DD3-B8EE-1A18AE68786A}
	EndGlobalSection
EndGlobal
